
Microsoft Visual Studio Solution File, Format Version 11.00
# Visual Studio 2010
Project("{FAE04EC0-301F-11D3-BF4B-00C04F79EFBC}") = "WFAProjeto", "WFAProjeto\WFAProjeto.csproj", "{9877B3F9-3F3A-41EA-A422-A4E92E27476A}"
EndProject
Global
	GlobalSection(SolutionConfigurationPlatforms) = preSolution
		Debug|x86 = Debug|x86
		Release|x86 = Release|x86
	EndGlobalSection
	GlobalSection(ProjectConfigurationPlatforms) = postSolution
		{9877B3F9-3F3A-41EA-A422-A4E92E27476A}.Debug|x86.ActiveCfg = Debug|x86
		{9877B3F9-3F3A-41EA-A422-A4E92E27476A}.Debug|x86.Build.0 = Debug|x86
		{9877B3F9-3F3A-41EA-A422-A4E92E27476A}.Release|x86.ActiveCfg = Release|x86
		{9877B3F9-3F3A-41EA-A422-A4E92E27476A}.Release|x86.Build.0 = Release|x86
	EndGlobalSection
	GlobalSection(SolutionProperties) = preSolution
		HideSolutionNode = FALSE
	EndGlobalSection
EndGlobal
